{
  "name": "superset",
  "lockfileVersion": 2,
  "requires": true,
  "packages": {
    "": {
      "dependencies": {
        "@cord-sdk/react": "^1.7.0"
      }
    },
    "node_modules/@cord-sdk/components": {
      "version": "1.7.0",
      "resolved": "https://registry.npmjs.org/@cord-sdk/components/-/components-1.7.0.tgz",
      "integrity": "sha512-fqOG2CVl1Erb69RiJvvwqmqcmSravuFUfnjqgJ+JvWlWjP7Hb4mcYlMd5rNoNx6S5/olrYGpuIcxYuVIT8QUdg==",
      "dependencies": {
        "@cord-sdk/types": "1.7.0"
      }
    },
    "node_modules/@cord-sdk/react": {
      "version": "1.7.0",
      "resolved": "https://registry.npmjs.org/@cord-sdk/react/-/react-1.7.0.tgz",
      "integrity": "sha512-xlqOY1rplA4kHfmN7GDyy0hL/WuA10k7P4/83wlrMUo0D+vOXXSyMRvql0PTdsVgHtT6dLTPt1lpZLwNOyYM8w==",
      "dependencies": {
        "@cord-sdk/components": "1.7.0",
        "@cord-sdk/types": "1.7.0",
        "classnames": "^2.3.1",
        "lodash": "^4.17.21"
      },
      "peerDependencies": {
        "react": ">=17.0.0"
      }
    },
    "node_modules/@cord-sdk/types": {
      "version": "1.7.0",
      "resolved": "https://registry.npmjs.org/@cord-sdk/types/-/types-1.7.0.tgz",
      "integrity": "sha512-q4IiAx9IGynewjsZVg8fcQIDwk87sXReskarhg4vFuL+3n8urlTNuKFt9HtsI5MDD4FBr1aiu+vjs6g109lbMQ=="
    },
    "node_modules/classnames": {
      "version": "2.3.2",
      "resolved": "https://registry.npmjs.org/classnames/-/classnames-2.3.2.tgz",
      "integrity": "sha512-CSbhY4cFEJRe6/GQzIk5qXZ4Jeg5pcsP7b5peFSDpffpe1cqjASH/n9UTjBwOp6XpMSTwQ8Za2K5V02ueA7Tmw=="
    },
    "node_modules/js-tokens": {
      "version": "4.0.0",
      "resolved": "https://registry.npmjs.org/js-tokens/-/js-tokens-4.0.0.tgz",
      "integrity": "sha512-RdJUflcE3cUzKiMqQgsCu06FPu9UdIJO0beYbPhHN4k6apgJtifcoCtT9bcxOpYBtpD2kCM6Sbzg4CausW/PKQ==",
      "peer": true
    },
    "node_modules/lodash": {
      "version": "4.17.21",
      "resolved": "https://registry.npmjs.org/lodash/-/lodash-4.17.21.tgz",
      "integrity": "sha512-v2kDEe57lecTulaDIuNTPy3Ry4gLGJ6Z1O3vE1krgXZNrsQ+LFTGHVxVjcXPs17LhbZVGedAJv8XZ1tvj5FvSg=="
    },
    "node_modules/loose-envify": {
      "version": "1.4.0",
      "resolved": "https://registry.npmjs.org/loose-envify/-/loose-envify-1.4.0.tgz",
      "integrity": "sha512-lyuxPGr/Wfhrlem2CL/UcnUc1zcqKAImBDzukY7Y5F/yQiNdko6+fRLevlw1HgMySw7f611UIY408EtxRSoK3Q==",
      "peer": true,
      "dependencies": {
        "js-tokens": "^3.0.0 || ^4.0.0"
      },
      "bin": {
        "loose-envify": "cli.js"
      }
    },
    "node_modules/react": {
      "version": "18.2.0",
      "resolved": "https://registry.npmjs.org/react/-/react-18.2.0.tgz",
      "integrity": "sha512-/3IjMdb2L9QbBdWiW5e3P2/npwMBaU9mHCSCUzNln0ZCYbcfTsGbTJrU/kGemdH2IWmB2ioZ+zkxtmq6g09fGQ==",
      "peer": true,
      "dependencies": {
        "loose-envify": "^1.1.0"
      },
      "engines": {
        "node": ">=0.10.0"
      }
    }
  },
  "dependencies": {
    "@cord-sdk/components": {
      "version": "1.7.0",
      "resolved": "https://registry.npmjs.org/@cord-sdk/components/-/components-1.7.0.tgz",
      "integrity": "sha512-fqOG2CVl1Erb69RiJvvwqmqcmSravuFUfnjqgJ+JvWlWjP7Hb4mcYlMd5rNoNx6S5/olrYGpuIcxYuVIT8QUdg==",
      "requires": {
        "@cord-sdk/types": "1.7.0"
      }
    },
    "@cord-sdk/react": {
      "version": "1.7.0",
      "resolved": "https://registry.npmjs.org/@cord-sdk/react/-/react-1.7.0.tgz",
      "integrity": "sha512-xlqOY1rplA4kHfmN7GDyy0hL/WuA10k7P4/83wlrMUo0D+vOXXSyMRvql0PTdsVgHtT6dLTPt1lpZLwNOyYM8w==",
      "requires": {
        "@cord-sdk/components": "1.7.0",
        "@cord-sdk/types": "1.7.0",
        "classnames": "^2.3.1",
        "lodash": "^4.17.21"
      }
    },
    "@cord-sdk/types": {
      "version": "1.7.0",
      "resolved": "https://registry.npmjs.org/@cord-sdk/types/-/types-1.7.0.tgz",
      "integrity": "sha512-q4IiAx9IGynewjsZVg8fcQIDwk87sXReskarhg4vFuL+3n8urlTNuKFt9HtsI5MDD4FBr1aiu+vjs6g109lbMQ=="
    },
    "classnames": {
      "version": "2.3.2",
      "resolved": "https://registry.npmjs.org/classnames/-/classnames-2.3.2.tgz",
      "integrity": "sha512-CSbhY4cFEJRe6/GQzIk5qXZ4Jeg5pcsP7b5peFSDpffpe1cqjASH/n9UTjBwOp6XpMSTwQ8Za2K5V02ueA7Tmw=="
    },
    "js-tokens": {
      "version": "4.0.0",
      "resolved": "https://registry.npmjs.org/js-tokens/-/js-tokens-4.0.0.tgz",
      "integrity": "sha512-RdJUflcE3cUzKiMqQgsCu06FPu9UdIJO0beYbPhHN4k6apgJtifcoCtT9bcxOpYBtpD2kCM6Sbzg4CausW/PKQ==",
      "peer": true
    },
    "lodash": {
      "version": "4.17.21",
      "resolved": "https://registry.npmjs.org/lodash/-/lodash-4.17.21.tgz",
      "integrity": "sha512-v2kDEe57lecTulaDIuNTPy3Ry4gLGJ6Z1O3vE1krgXZNrsQ+LFTGHVxVjcXPs17LhbZVGedAJv8XZ1tvj5FvSg=="
    },
    "loose-envify": {
      "version": "1.4.0",
      "resolved": "https://registry.npmjs.org/loose-envify/-/loose-envify-1.4.0.tgz",
      "integrity": "sha512-lyuxPGr/Wfhrlem2CL/UcnUc1zcqKAImBDzukY7Y5F/yQiNdko6+fRLevlw1HgMySw7f611UIY408EtxRSoK3Q==",
      "peer": true,
      "requires": {
        "js-tokens": "^3.0.0 || ^4.0.0"
      }
    },
    "react": {
      "version": "18.2.0",
      "resolved": "https://registry.npmjs.org/react/-/react-18.2.0.tgz",
      "integrity": "sha512-/3IjMdb2L9QbBdWiW5e3P2/npwMBaU9mHCSCUzNln0ZCYbcfTsGbTJrU/kGemdH2IWmB2ioZ+zkxtmq6g09fGQ==",
      "peer": true,
      "requires": {
        "loose-envify": "^1.1.0"
      }
    }
  }
}
